
Microsoft Visual Studio Solution File, Format Version 12.00
# Visual Studio 15
VisualStudioVersion = 15.0.26730.3
MinimumVisualStudioVersion = 10.0.40219.1
Project("{9A19103F-16F7-4668-BE54-9A1E7A4F7556}") = "BangazonAuth", "BangazonAuth.csproj", "{B07A4C0A-65E4-4EA2-B409-FF198B3D2827}"
EndProject
Global
	GlobalSection(SolutionConfigurationPlatforms) = preSolution
		Debug|Any CPU = Debug|Any CPU
		Release|Any CPU = Release|Any CPU
	EndGlobalSection
	GlobalSection(ProjectConfigurationPlatforms) = postSolution
		{B07A4C0A-65E4-4EA2-B409-FF198B3D2827}.Debug|Any CPU.ActiveCfg = Debug|Any CPU
		{B07A4C0A-65E4-4EA2-B409-FF198B3D2827}.Debug|Any CPU.Build.0 = Debug|Any CPU
		{B07A4C0A-65E4-4EA2-B409-FF198B3D2827}.Release|Any CPU.ActiveCfg = Release|Any CPU
		{B07A4C0A-65E4-4EA2-B409-FF198B3D2827}.Release|Any CPU.Build.0 = Release|Any CPU
	EndGlobalSection
	GlobalSection(SolutionProperties) = preSolution
		HideSolutionNode = FALSE
	EndGlobalSection
	GlobalSection(ExtensibilityGlobals) = postSolution
		SolutionGuid = {63B7B8A9-2D80-40F6-A812-B97CB57DA3BF}
	EndGlobalSection
EndGlobal
